{
  "nodes": {
    "nixpkgs": {
      "locked": {
        "lastModified": 1721756058,
        "narHash": "sha256-71nKN/qoxgpP9paCT76aWm0ElvjfXnK7PX7KXA2ZKy0=",
        "owner": "nixos",
        "repo": "nixpkgs",
        "rev": "27ab0078d8c9578583f6891ca506fb8c1e13b37c",
        "type": "github"
      },
      "original": {
        "owner": "nixos",
        "repo": "nixpkgs",
        "type": "github"
      }
    },
    "root": {
      "inputs": {
        "nixpkgs": "nixpkgs"
      }
    }
  },
  "root": "root",
  "version": 7
}
