{
  "nodes": {
    "nixpkgs": {
      "locked": {
        "lastModified": 1730203760,
        "narHash": "sha256-OFgsthgIbPjdTpKHfaHVOSHQ1FqtvvWWe/nkKr+XEP8=",
        "owner": "nixos",
        "repo": "nixpkgs",
        "rev": "d2f71c71d039acbdf6ad795a8e8d015c77eec2b0",
        "type": "github"
      },
      "original": {
        "owner": "nixos",
        "repo": "nixpkgs",
        "type": "github"
      }
    },
    "root": {
      "inputs": {
        "nixpkgs": "nixpkgs"
      }
    }
  },
  "root": "root",
  "version": 7
}
