{
  "nodes": {
    "nixpkgs": {
      "locked": {
        "lastModified": 1724901467,
        "narHash": "sha256-LrPbNzQRPy/u+aP4SS6TrCfkPG4fWgL+mRsz1ZCefxc=",
        "owner": "nixos",
        "repo": "nixpkgs",
        "rev": "da55d2e252d7d66a53283d562686ca252b8a6bb9",
        "type": "github"
      },
      "original": {
        "owner": "nixos",
        "repo": "nixpkgs",
        "type": "github"
      }
    },
    "root": {
      "inputs": {
        "nixpkgs": "nixpkgs"
      }
    }
  },
  "root": "root",
  "version": 7
}
